
Microsoft Visual Studio Solution File, Format Version 12.00
# Visual Studio Version 16
VisualStudioVersion = 16.0.29319.158
MinimumVisualStudioVersion = 10.0.40219.1
Project("{2150E333-8FDC-42A3-9474-1A3956D46DE8}") = "testassets", "testassets", "{48F15A61-E458-4F4B-A64E-6F0B5F38DB2F}"
EndProject
Project("{9A19103F-16F7-4668-BE54-9A1E7A4F7556}") = "HelloWorldApp", "testassets\HelloWorldApp\HelloWorldApp.csproj", "{9FB96A16-5712-4425-87A8-3C08DAFB77ED}"
EndProject
Project("{2150E333-8FDC-42A3-9474-1A3956D46DE8}") = "src", "src", "{6A79DAD3-9AEF-47C3-9BF4-BF27365F3BF0}"
EndProject
Project("{9A19103F-16F7-4668-BE54-9A1E7A4F7556}") = "WebWindow", "src\WebWindow\WebWindow.csproj", "{61434CA9-A095-4F9D-89CD-246F4A6A72D2}"
EndProject
Project("{8BC9CEB8-8B4A-11D0-8D11-00A0C91BC942}") = "WebWindow.Native", "src\WebWindow.Native\WebWindow.Native.vcxproj", "{B326B50A-F623-40F1-92F7-1EC6A5A48DAC}"
EndProject
Project("{9A19103F-16F7-4668-BE54-9A1E7A4F7556}") = "WebWindow.Blazor", "src\WebWindow.Blazor\WebWindow.Blazor.csproj", "{56FE2489-3A7C-4C98-AF32-B1F84A6E1EFB}"
EndProject
Project("{9A19103F-16F7-4668-BE54-9A1E7A4F7556}") = "WebWindow.Blazor.JS", "src\WebWindow.Blazor.JS\WebWindow.Blazor.JS.csproj", "{7B27AF53-071D-4E85-9D1B-8379E1FAC756}"
EndProject
Project("{9A19103F-16F7-4668-BE54-9A1E7A4F7556}") = "MyBlazorApp", "testassets\MyBlazorApp\MyBlazorApp.csproj", "{137004F2-5986-4593-BD5E-A8980A6B6A0B}"
EndProject
Global
	GlobalSection(SolutionConfigurationPlatforms) = preSolution
		Debug|Any CPU = Debug|Any CPU
		Debug|x64 = Debug|x64
		Debug|x86 = Debug|x86
		Release|Any CPU = Release|Any CPU
		Release|x64 = Release|x64
		Release|x86 = Release|x86
	EndGlobalSection
	GlobalSection(ProjectConfigurationPlatforms) = postSolution
		{9FB96A16-5712-4425-87A8-3C08DAFB77ED}.Debug|Any CPU.ActiveCfg = Debug|Any CPU
		{9FB96A16-5712-4425-87A8-3C08DAFB77ED}.Debug|Any CPU.Build.0 = Debug|Any CPU
		{9FB96A16-5712-4425-87A8-3C08DAFB77ED}.Debug|x64.ActiveCfg = Debug|Any CPU
		{9FB96A16-5712-4425-87A8-3C08DAFB77ED}.Debug|x64.Build.0 = Debug|Any CPU
		{9FB96A16-5712-4425-87A8-3C08DAFB77ED}.Debug|x86.ActiveCfg = Debug|Any CPU
		{9FB96A16-5712-4425-87A8-3C08DAFB77ED}.Debug|x86.Build.0 = Debug|Any CPU
		{9FB96A16-5712-4425-87A8-3C08DAFB77ED}.Release|Any CPU.ActiveCfg = Release|Any CPU
		{9FB96A16-5712-4425-87A8-3C08DAFB77ED}.Release|Any CPU.Build.0 = Release|Any CPU
		{9FB96A16-5712-4425-87A8-3C08DAFB77ED}.Release|x64.ActiveCfg = Release|Any CPU
		{9FB96A16-5712-4425-87A8-3C08DAFB77ED}.Release|x64.Build.0 = Release|Any CPU
		{9FB96A16-5712-4425-87A8-3C08DAFB77ED}.Release|x86.ActiveCfg = Release|Any CPU
		{9FB96A16-5712-4425-87A8-3C08DAFB77ED}.Release|x86.Build.0 = Release|Any CPU
		{61434CA9-A095-4F9D-89CD-246F4A6A72D2}.Debug|Any CPU.ActiveCfg = Debug|Any CPU
		{61434CA9-A095-4F9D-89CD-246F4A6A72D2}.Debug|Any CPU.Build.0 = Debug|Any CPU
		{61434CA9-A095-4F9D-89CD-246F4A6A72D2}.Debug|x64.ActiveCfg = Debug|Any CPU
		{61434CA9-A095-4F9D-89CD-246F4A6A72D2}.Debug|x64.Build.0 = Debug|Any CPU
		{61434CA9-A095-4F9D-89CD-246F4A6A72D2}.Debug|x86.ActiveCfg = Debug|Any CPU
		{61434CA9-A095-4F9D-89CD-246F4A6A72D2}.Debug|x86.Build.0 = Debug|Any CPU
		{61434CA9-A095-4F9D-89CD-246F4A6A72D2}.Release|Any CPU.ActiveCfg = Release|Any CPU
		{61434CA9-A095-4F9D-89CD-246F4A6A72D2}.Release|Any CPU.Build.0 = Release|Any CPU
		{61434CA9-A095-4F9D-89CD-246F4A6A72D2}.Release|x64.ActiveCfg = Release|Any CPU
		{61434CA9-A095-4F9D-89CD-246F4A6A72D2}.Release|x64.Build.0 = Release|Any CPU
		{61434CA9-A095-4F9D-89CD-246F4A6A72D2}.Release|x86.ActiveCfg = Release|Any CPU
		{61434CA9-A095-4F9D-89CD-246F4A6A72D2}.Release|x86.Build.0 = Release|Any CPU
		{B326B50A-F623-40F1-92F7-1EC6A5A48DAC}.Debug|Any CPU.ActiveCfg = Debug|Win32
		{B326B50A-F623-40F1-92F7-1EC6A5A48DAC}.Debug|x64.ActiveCfg = Debug|x64
		{B326B50A-F623-40F1-92F7-1EC6A5A48DAC}.Debug|x64.Build.0 = Debug|x64
		{B326B50A-F623-40F1-92F7-1EC6A5A48DAC}.Debug|x86.ActiveCfg = Debug|Win32
		{B326B50A-F623-40F1-92F7-1EC6A5A48DAC}.Debug|x86.Build.0 = Debug|Win32
		{B326B50A-F623-40F1-92F7-1EC6A5A48DAC}.Release|Any CPU.ActiveCfg = Release|Win32
		{B326B50A-F623-40F1-92F7-1EC6A5A48DAC}.Release|x64.ActiveCfg = Release|x64
		{B326B50A-F623-40F1-92F7-1EC6A5A48DAC}.Release|x64.Build.0 = Release|x64
		{B326B50A-F623-40F1-92F7-1EC6A5A48DAC}.Release|x86.ActiveCfg = Release|Win32
		{B326B50A-F623-40F1-92F7-1EC6A5A48DAC}.Release|x86.Build.0 = Release|Win32
		{56FE2489-3A7C-4C98-AF32-B1F84A6E1EFB}.Debug|Any CPU.ActiveCfg = Debug|Any CPU
		{56FE2489-3A7C-4C98-AF32-B1F84A6E1EFB}.Debug|Any CPU.Build.0 = Debug|Any CPU
		{56FE2489-3A7C-4C98-AF32-B1F84A6E1EFB}.Debug|x64.ActiveCfg = Debug|Any CPU
		{56FE2489-3A7C-4C98-AF32-B1F84A6E1EFB}.Debug|x64.Build.0 = Debug|Any CPU
		{56FE2489-3A7C-4C98-AF32-B1F84A6E1EFB}.Debug|x86.ActiveCfg = Debug|Any CPU
		{56FE2489-3A7C-4C98-AF32-B1F84A6E1EFB}.Debug|x86.Build.0 = Debug|Any CPU
		{56FE2489-3A7C-4C98-AF32-B1F84A6E1EFB}.Release|Any CPU.ActiveCfg = Release|Any CPU
		{56FE2489-3A7C-4C98-AF32-B1F84A6E1EFB}.Release|Any CPU.Build.0 = Release|Any CPU
		{56FE2489-3A7C-4C98-AF32-B1F84A6E1EFB}.Release|x64.ActiveCfg = Release|Any CPU
		{56FE2489-3A7C-4C98-AF32-B1F84A6E1EFB}.Release|x64.Build.0 = Release|Any CPU
		{56FE2489-3A7C-4C98-AF32-B1F84A6E1EFB}.Release|x86.ActiveCfg = Release|Any CPU
		{56FE2489-3A7C-4C98-AF32-B1F84A6E1EFB}.Release|x86.Build.0 = Release|Any CPU
		{7B27AF53-071D-4E85-9D1B-8379E1FAC756}.Debug|Any CPU.ActiveCfg = Debug|Any CPU
		{7B27AF53-071D-4E85-9D1B-8379E1FAC756}.Debug|Any CPU.Build.0 = Debug|Any CPU
		{7B27AF53-071D-4E85-9D1B-8379E1FAC756}.Debug|x64.ActiveCfg = Debug|Any CPU
		{7B27AF53-071D-4E85-9D1B-8379E1FAC756}.Debug|x64.Build.0 = Debug|Any CPU
		{7B27AF53-071D-4E85-9D1B-8379E1FAC756}.Debug|x86.ActiveCfg = Debug|Any CPU
		{7B27AF53-071D-4E85-9D1B-8379E1FAC756}.Debug|x86.Build.0 = Debug|Any CPU
		{7B27AF53-071D-4E85-9D1B-8379E1FAC756}.Release|Any CPU.ActiveCfg = Release|Any CPU
		{7B27AF53-071D-4E85-9D1B-8379E1FAC756}.Release|Any CPU.Build.0 = Release|Any CPU
		{7B27AF53-071D-4E85-9D1B-8379E1FAC756}.Release|x64.ActiveCfg = Release|Any CPU
		{7B27AF53-071D-4E85-9D1B-8379E1FAC756}.Release|x64.Build.0 = Release|Any CPU
		{7B27AF53-071D-4E85-9D1B-8379E1FAC756}.Release|x86.ActiveCfg = Release|Any CPU
		{7B27AF53-071D-4E85-9D1B-8379E1FAC756}.Release|x86.Build.0 = Release|Any CPU
		{137004F2-5986-4593-BD5E-A8980A6B6A0B}.Debug|Any CPU.ActiveCfg = Debug|Any CPU
		{137004F2-5986-4593-BD5E-A8980A6B6A0B}.Debug|Any CPU.Build.0 = Debug|Any CPU
		{137004F2-5986-4593-BD5E-A8980A6B6A0B}.Debug|x64.ActiveCfg = Debug|Any CPU
		{137004F2-5986-4593-BD5E-A8980A6B6A0B}.Debug|x64.Build.0 = Debug|Any CPU
		{137004F2-5986-4593-BD5E-A8980A6B6A0B}.Debug|x86.ActiveCfg = Debug|Any CPU
		{137004F2-5986-4593-BD5E-A8980A6B6A0B}.Debug|x86.Build.0 = Debug|Any CPU
		{137004F2-5986-4593-BD5E-A8980A6B6A0B}.Release|Any CPU.ActiveCfg = Release|Any CPU
		{137004F2-5986-4593-BD5E-A8980A6B6A0B}.Release|Any CPU.Build.0 = Release|Any CPU
		{137004F2-5986-4593-BD5E-A8980A6B6A0B}.Release|x64.ActiveCfg = Release|Any CPU
		{137004F2-5986-4593-BD5E-A8980A6B6A0B}.Release|x64.Build.0 = Release|Any CPU
		{137004F2-5986-4593-BD5E-A8980A6B6A0B}.Release|x86.ActiveCfg = Release|Any CPU
		{137004F2-5986-4593-BD5E-A8980A6B6A0B}.Release|x86.Build.0 = Release|Any CPU
	EndGlobalSection
	GlobalSection(SolutionProperties) = preSolution
		HideSolutionNode = FALSE
	EndGlobalSection
	GlobalSection(NestedProjects) = preSolution
		{9FB96A16-5712-4425-87A8-3C08DAFB77ED} = {48F15A61-E458-4F4B-A64E-6F0B5F38DB2F}
		{61434CA9-A095-4F9D-89CD-246F4A6A72D2} = {6A79DAD3-9AEF-47C3-9BF4-BF27365F3BF0}
		{B326B50A-F623-40F1-92F7-1EC6A5A48DAC} = {6A79DAD3-9AEF-47C3-9BF4-BF27365F3BF0}
		{56FE2489-3A7C-4C98-AF32-B1F84A6E1EFB} = {6A79DAD3-9AEF-47C3-9BF4-BF27365F3BF0}
		{7B27AF53-071D-4E85-9D1B-8379E1FAC756} = {6A79DAD3-9AEF-47C3-9BF4-BF27365F3BF0}
		{137004F2-5986-4593-BD5E-A8980A6B6A0B} = {48F15A61-E458-4F4B-A64E-6F0B5F38DB2F}
	EndGlobalSection
	GlobalSection(ExtensibilityGlobals) = postSolution
		SolutionGuid = {27582E6D-A662-4DF3-834C-74D0A94025A1}
	EndGlobalSection
EndGlobal
